
Microsoft Visual Studio Solution File, Format Version 12.00
# Visual Studio Version 17
VisualStudioVersion = 17.1.32421.90
MinimumVisualStudioVersion = 10.0.40219.1
Project("{FAE04EC0-301F-11D3-BF4B-00C04F79EFBC}") = "TangyWeb_Server", "TangyWeb_Server\TangyWeb_Server.csproj", "{3BAC7182-CFED-49E8-9C91-92F69AE66B04}"
EndProject
Global
	GlobalSection(SolutionConfigurationPlatforms) = preSolution
		Debug|Any CPU = Debug|Any CPU
		Release|Any CPU = Release|Any CPU
	EndGlobalSection
	GlobalSection(ProjectConfigurationPlatforms) = postSolution
		{3BAC7182-CFED-49E8-9C91-92F69AE66B04}.Debug|Any CPU.ActiveCfg = Debug|Any CPU
		{3BAC7182-CFED-49E8-9C91-92F69AE66B04}.Debug|Any CPU.Build.0 = Debug|Any CPU
		{3BAC7182-CFED-49E8-9C91-92F69AE66B04}.Release|Any CPU.ActiveCfg = Release|Any CPU
		{3BAC7182-CFED-49E8-9C91-92F69AE66B04}.Release|Any CPU.Build.0 = Release|Any CPU
	EndGlobalSection
	GlobalSection(SolutionProperties) = preSolution
		HideSolutionNode = FALSE
	EndGlobalSection
	GlobalSection(ExtensibilityGlobals) = postSolution
		SolutionGuid = {6EB5DFE8-CCE6-4253-BD30-74A2960DB00F}
	EndGlobalSection
EndGlobal
